{
  "version": 4,
  "terraform_version": "1.6.0",
  "serial": 36,
  "lineage": "e17f38d3-7f8c-6310-c0ac-ff6927758d38",
  "outputs": {
    "vm_admin_password": {
      "value": "P@4008w0rd1234!",
      "type": "string",
      "sensitive": true
    },
    "vm_admin_username": {
      "value": "hypera_user",
      "type": "string",
      "sensitive": true
    },
    "vm_hostname": {
      "value": "azxdev01",
      "type": "string"
    },
    "vm_id": {
      "value": "/subscriptions/51f4e493-4815-4858-8bbb-f263e7fb63d6/resourceGroups/rg-hypera-packer-image/providers/Microsoft.Compute/virtualMachines/azxdev01",
      "type": "string"
    },
    "vm_identity": {
      "value": [],
      "type": [
        "list",
        [
          "object",
          {
            "identity_ids": [
              "set",
              "string"
            ],
            "principal_id": "string",
            "tenant_id": "string",
            "type": "string"
          }
        ]
      ]
    },
    "vm_name": {
      "value": "azxdev01",
      "type": "string"
    },
    "vm_nic_id": {
      "value": "/subscriptions/51f4e493-4815-4858-8bbb-f263e7fb63d6/resourceGroups/rg-hypera-packer-image/providers/Microsoft.Network/networkInterfaces/azxdev01-nic",
      "type": "string"
    },
    "vm_nic_name": {
      "value": "azxdev01-nic",
      "type": "string"
    },
    "vm_private_ip_address": {
      "value": "10.0.2.4",
      "type": "string"
    }
  },
  "resources": [
    {
      "mode": "managed",
      "type": "azurerm_linux_virtual_machine",
      "name": "azxdev01",
      "provider": "provider[\"registry.terraform.io/hashicorp/azurerm\"]",
      "instances": [
        {
          "schema_version": 0,
          "attributes": {
            "additional_capabilities": [],
            "admin_password": "P@$$w0rd1234!",
            "admin_ssh_key": [
              {
                "public_key": "ssh-rsa AAAAB3NzaC1yc2EAAAADAQABAAABgQDa4t2F0FfXVmndPX0M81bBzJ0wRAr+z1jDcYA3keuIZxYI/QJdNp/eSBeo2Qg0/McKJN3HJOTRPH+bohPs9M8hbtlUaxj/XZwKZG+pQH6v9Pjs5fvwXYi+6X6Se1j7HwRDOdsh2nkOl2pKms0/M9vy0Bzm+cmwqa1mkTiI3S8RbUjMDhEqBZl/846m0oZ+dvos+5+f6XjUun4N3AahrwzqUpQMuSPxAF483UM681LXAeoiWViMmudBugShzFs1sGupI1OrYBhxcVJlX6kRLuFoyIbMsyWdi/0Lpo7V91xnDFiM7YZ+cuNmiz+T+vcv9WvHoVre5cN+vpE4DiQXWxM4OYgLP/hBL9rq00kPEgOM7xgJH+jOZSSd82MyykQ7VXe7CuxwdDnLnlBqfQd1n99D2jyo7571c9o4WI2PlMvGy7RDCDUmk+L5jvZu0KvykawE49gmBiMzQCKTJoTn0tuhkERgJFjGZHvufjhDOij3uE2wSP7NY1ZKpDc0bhEYP/s= pratika\\juliano.barbosa@N603085\r\n",
                "username": "hypera_user"
              }
            ],
            "admin_username": "hypera_user",
            "allow_extension_operations": true,
            "availability_set_id": "",
            "boot_diagnostics": [],
            "bypass_platform_safety_checks_on_user_schedule_enabled": false,
            "capacity_reservation_group_id": "",
            "computer_name": "azxdev01",
            "custom_data": null,
            "dedicated_host_group_id": "",
            "dedicated_host_id": "",
            "disable_password_authentication": true,
            "edge_zone": "",
            "encryption_at_host_enabled": false,
            "eviction_policy": "Deallocate",
            "extensions_time_budget": "PT1H30M",
            "gallery_application": [],
            "id": "/subscriptions/51f4e493-4815-4858-8bbb-f263e7fb63d6/resourceGroups/rg-hypera-packer-image/providers/Microsoft.Compute/virtualMachines/azxdev01",
            "identity": [],
            "license_type": "",
            "location": "eastus",
            "max_bid_price": -1,
            "name": "azxdev01",
            "network_interface_ids": [
              "/subscriptions/51f4e493-4815-4858-8bbb-f263e7fb63d6/resourceGroups/rg-hypera-packer-image/providers/Microsoft.Network/networkInterfaces/azxdev01-nic"
            ],
            "os_disk": [
              {
                "caching": "ReadWrite",
                "diff_disk_settings": [],
                "disk_encryption_set_id": "",
                "disk_size_gb": 30,
                "name": "azxdev01_os_disk",
                "secure_vm_disk_encryption_set_id": "",
                "security_encryption_type": "",
                "storage_account_type": "Standard_LRS",
                "write_accelerator_enabled": false
              }
            ],
            "patch_assessment_mode": "ImageDefault",
            "patch_mode": "ImageDefault",
            "plan": [],
            "platform_fault_domain": -1,
            "priority": "Spot",
            "private_ip_address": "10.0.2.4",
            "private_ip_addresses": [
              "10.0.2.4"
            ],
            "provision_vm_agent": true,
            "proximity_placement_group_id": "",
            "public_ip_address": "",
            "public_ip_addresses": [],
            "reboot_setting": "",
            "resource_group_name": "rg-hypera-packer-image",
            "secret": [],
            "secure_boot_enabled": false,
            "size": "Standard_F2",
            "source_image_id": "/subscriptions/51f4e493-4815-4858-8bbb-f263e7fb63d6/resourceGroups/rg-hypera-packer-image/providers/Microsoft.Compute/images/img-ubuntu-2204-2023-10-06-1941",
            "source_image_reference": [],
            "tags": {
              "projeto": "INFRA_SO",
              "source": "terraform",
              "team": "DevOps"
            },
            "termination_notification": null,
            "timeouts": null,
            "user_data": "",
            "virtual_machine_id": "a7eb6522-2711-462f-9ddd-4b83481ba1e6",
            "virtual_machine_scale_set_id": "",
            "vtpm_enabled": false,
            "zone": ""
          },
          "sensitive_attributes": [],
          "private": "eyJlMmJmYjczMC1lY2FhLTExZTYtOGY4OC0zNDM2M2JjN2M0YzAiOnsiY3JlYXRlIjoyNzAwMDAwMDAwMDAwLCJkZWxldGUiOjI3MDAwMDAwMDAwMDAsInJlYWQiOjMwMDAwMDAwMDAwMCwidXBkYXRlIjoyNzAwMDAwMDAwMDAwfX0=",
          "dependencies": [
            "azurerm_network_interface.azxdev01-nic",
            "azurerm_resource_group.rg",
            "azurerm_subnet.vnet-internal",
            "azurerm_virtual_network.vnet"
          ]
        }
      ]
    },
    {
      "mode": "managed",
      "type": "azurerm_network_interface",
      "name": "azxdev01-nic",
      "provider": "provider[\"registry.terraform.io/hashicorp/azurerm\"]",
      "instances": [
        {
          "schema_version": 0,
          "attributes": {
            "applied_dns_servers": [],
            "auxiliary_mode": "",
            "auxiliary_sku": "",
            "dns_servers": [],
            "edge_zone": "",
            "enable_accelerated_networking": false,
            "enable_ip_forwarding": false,
            "id": "/subscriptions/51f4e493-4815-4858-8bbb-f263e7fb63d6/resourceGroups/rg-hypera-packer-image/providers/Microsoft.Network/networkInterfaces/azxdev01-nic",
            "internal_dns_name_label": "",
            "internal_domain_name_suffix": "auualvxs1teejceobx0mgd3qre.bx.internal.cloudapp.net",
            "ip_configuration": [
              {
                "gateway_load_balancer_frontend_ip_configuration_id": "",
                "name": "internal",
                "primary": true,
                "private_ip_address": "10.0.2.4",
                "private_ip_address_allocation": "Dynamic",
                "private_ip_address_version": "IPv4",
                "public_ip_address_id": "",
                "subnet_id": "/subscriptions/51f4e493-4815-4858-8bbb-f263e7fb63d6/resourceGroups/rg-hypera-packer-image/providers/Microsoft.Network/virtualNetworks/vnet-packer-image/subnets/internal"
              }
            ],
            "location": "eastus",
            "mac_address": "",
            "name": "azxdev01-nic",
            "private_ip_address": "10.0.2.4",
            "private_ip_addresses": [
              "10.0.2.4"
            ],
            "resource_group_name": "rg-hypera-packer-image",
            "tags": {
              "projeto": "INFRA_SO",
              "source": "terraform",
              "team": "DevOps"
            },
            "timeouts": null,
            "virtual_machine_id": ""
          },
          "sensitive_attributes": [],
          "private": "eyJlMmJmYjczMC1lY2FhLTExZTYtOGY4OC0zNDM2M2JjN2M0YzAiOnsiY3JlYXRlIjoxODAwMDAwMDAwMDAwLCJkZWxldGUiOjE4MDAwMDAwMDAwMDAsInJlYWQiOjMwMDAwMDAwMDAwMCwidXBkYXRlIjoxODAwMDAwMDAwMDAwfX0=",
          "dependencies": [
            "azurerm_resource_group.rg",
            "azurerm_subnet.vnet-internal",
            "azurerm_virtual_network.vnet"
          ]
        }
      ]
    },
    {
      "mode": "managed",
      "type": "azurerm_resource_group",
      "name": "rg",
      "provider": "provider[\"registry.terraform.io/hashicorp/azurerm\"]",
      "instances": [
        {
          "schema_version": 0,
          "attributes": {
            "id": "/subscriptions/51f4e493-4815-4858-8bbb-f263e7fb63d6/resourceGroups/rg-hypera-packer-image",
            "location": "eastus",
            "managed_by": "",
            "name": "rg-hypera-packer-image",
            "tags": {
              "projeto": "INFRA_SO",
              "source": "terraform",
              "team": "DevOps"
            },
            "timeouts": null
          },
          "sensitive_attributes": [],
          "private": "eyJlMmJmYjczMC1lY2FhLTExZTYtOGY4OC0zNDM2M2JjN2M0YzAiOnsiY3JlYXRlIjo1NDAwMDAwMDAwMDAwLCJkZWxldGUiOjU0MDAwMDAwMDAwMDAsInJlYWQiOjMwMDAwMDAwMDAwMCwidXBkYXRlIjo1NDAwMDAwMDAwMDAwfX0="
        }
      ]
    },
    {
      "mode": "managed",
      "type": "azurerm_subnet",
      "name": "vnet-internal",
      "provider": "provider[\"registry.terraform.io/hashicorp/azurerm\"]",
      "instances": [
        {
          "schema_version": 0,
          "attributes": {
            "address_prefixes": [
              "10.0.2.0/24"
            ],
            "delegation": [],
            "enforce_private_link_endpoint_network_policies": false,
            "enforce_private_link_service_network_policies": false,
            "id": "/subscriptions/51f4e493-4815-4858-8bbb-f263e7fb63d6/resourceGroups/rg-hypera-packer-image/providers/Microsoft.Network/virtualNetworks/vnet-packer-image/subnets/internal",
            "name": "internal",
            "private_endpoint_network_policies_enabled": true,
            "private_link_service_network_policies_enabled": true,
            "resource_group_name": "rg-hypera-packer-image",
            "service_endpoint_policy_ids": [],
            "service_endpoints": [],
            "timeouts": null,
            "virtual_network_name": "vnet-packer-image"
          },
          "sensitive_attributes": [],
          "private": "eyJlMmJmYjczMC1lY2FhLTExZTYtOGY4OC0zNDM2M2JjN2M0YzAiOnsiY3JlYXRlIjoxODAwMDAwMDAwMDAwLCJkZWxldGUiOjE4MDAwMDAwMDAwMDAsInJlYWQiOjMwMDAwMDAwMDAwMCwidXBkYXRlIjoxODAwMDAwMDAwMDAwfX0=",
          "dependencies": [
            "azurerm_resource_group.rg",
            "azurerm_virtual_network.vnet"
          ]
        }
      ]
    },
    {
      "mode": "managed",
      "type": "azurerm_virtual_network",
      "name": "vnet",
      "provider": "provider[\"registry.terraform.io/hashicorp/azurerm\"]",
      "instances": [
        {
          "schema_version": 0,
          "attributes": {
            "address_space": [
              "10.0.0.0/16"
            ],
            "bgp_community": "",
            "ddos_protection_plan": [],
            "dns_servers": [],
            "edge_zone": "",
            "encryption": [],
            "flow_timeout_in_minutes": 0,
            "guid": "d6052805-dcf2-44c8-888e-0df4c30fb08c",
            "id": "/subscriptions/51f4e493-4815-4858-8bbb-f263e7fb63d6/resourceGroups/rg-hypera-packer-image/providers/Microsoft.Network/virtualNetworks/vnet-packer-image",
            "location": "eastus",
            "name": "vnet-packer-image",
            "resource_group_name": "rg-hypera-packer-image",
            "subnet": [
              {
                "address_prefix": "10.0.1.0/24",
                "id": "/subscriptions/51f4e493-4815-4858-8bbb-f263e7fb63d6/resourceGroups/rg-hypera-packer-image/providers/Microsoft.Network/virtualNetworks/vnet-packer-image/subnets/subnet-packer-image",
                "name": "subnet-packer-image",
                "security_group": ""
              },
              {
                "address_prefix": "10.0.2.0/24",
                "id": "/subscriptions/51f4e493-4815-4858-8bbb-f263e7fb63d6/resourceGroups/rg-hypera-packer-image/providers/Microsoft.Network/virtualNetworks/vnet-packer-image/subnets/internal",
                "name": "internal",
                "security_group": ""
              },
              {
                "address_prefix": "10.0.3.0/26",
                "id": "/subscriptions/51f4e493-4815-4858-8bbb-f263e7fb63d6/resourceGroups/rg-hypera-packer-image/providers/Microsoft.Network/virtualNetworks/vnet-packer-image/subnets/AzureBastionSubnet",
                "name": "AzureBastionSubnet",
                "security_group": ""
              }
            ],
            "tags": {
              "projeto": "INFRA_SO",
              "source": "terraform",
              "team": "DevOps"
            },
            "timeouts": null
          },
          "sensitive_attributes": [],
          "private": "eyJlMmJmYjczMC1lY2FhLTExZTYtOGY4OC0zNDM2M2JjN2M0YzAiOnsiY3JlYXRlIjoxODAwMDAwMDAwMDAwLCJkZWxldGUiOjE4MDAwMDAwMDAwMDAsInJlYWQiOjMwMDAwMDAwMDAwMCwidXBkYXRlIjoxODAwMDAwMDAwMDAwfX0=",
          "dependencies": [
            "azurerm_resource_group.rg"
          ]
        }
      ]
    },
    {
      "mode": "managed",
      "type": "random_pet",
      "name": "storage_account_name_random",
      "provider": "provider[\"registry.terraform.io/hashicorp/random\"]",
      "instances": [
        {
          "schema_version": 0,
          "attributes": {
            "id": "destined-martin",
            "keepers": null,
            "length": 2,
            "prefix": null,
            "separator": "-"
          },
          "sensitive_attributes": []
        }
      ]
    }
  ],
  "check_results": null
}
